
Microsoft Visual Studio Solution File, Format Version 12.00
# Visual Studio 15
VisualStudioVersion = 15.0.28307.1340
MinimumVisualStudioVersion = 10.0.40219.1
Project("{FAE04EC0-301F-11D3-BF4B-00C04F79EFBC}") = "Aufgabe 3", "Aufgabe 3\Aufgabe 3.csproj", "{A285EEFB-2C98-4A58-96BE-B6749AAF2069}"
EndProject
Global
	GlobalSection(SolutionConfigurationPlatforms) = preSolution
		Debug|Any CPU = Debug|Any CPU
		Release|Any CPU = Release|Any CPU
	EndGlobalSection
	GlobalSection(ProjectConfigurationPlatforms) = postSolution
		{A285EEFB-2C98-4A58-96BE-B6749AAF2069}.Debug|Any CPU.ActiveCfg = Debug|Any CPU
		{A285EEFB-2C98-4A58-96BE-B6749AAF2069}.Debug|Any CPU.Build.0 = Debug|Any CPU
		{A285EEFB-2C98-4A58-96BE-B6749AAF2069}.Release|Any CPU.ActiveCfg = Release|Any CPU
		{A285EEFB-2C98-4A58-96BE-B6749AAF2069}.Release|Any CPU.Build.0 = Release|Any CPU
	EndGlobalSection
	GlobalSection(SolutionProperties) = preSolution
		HideSolutionNode = FALSE
	EndGlobalSection
	GlobalSection(ExtensibilityGlobals) = postSolution
		SolutionGuid = {6C451B3E-70E3-4BD7-B40C-4869BADF2C51}
	EndGlobalSection
EndGlobal
