
Microsoft Visual Studio Solution File, Format Version 12.00
# Visual Studio 15
VisualStudioVersion = 15.0.28307.1340
MinimumVisualStudioVersion = 10.0.40219.1
Project("{FAE04EC0-301F-11D3-BF4B-00C04F79EFBC}") = "Aufgabe 8", "Aufgabe 8\Aufgabe 8.csproj", "{063ABF7F-6590-4F7B-A672-A1B9E2011940}"
EndProject
Global
	GlobalSection(SolutionConfigurationPlatforms) = preSolution
		Debug|Any CPU = Debug|Any CPU
		Release|Any CPU = Release|Any CPU
	EndGlobalSection
	GlobalSection(ProjectConfigurationPlatforms) = postSolution
		{063ABF7F-6590-4F7B-A672-A1B9E2011940}.Debug|Any CPU.ActiveCfg = Debug|Any CPU
		{063ABF7F-6590-4F7B-A672-A1B9E2011940}.Debug|Any CPU.Build.0 = Debug|Any CPU
		{063ABF7F-6590-4F7B-A672-A1B9E2011940}.Release|Any CPU.ActiveCfg = Release|Any CPU
		{063ABF7F-6590-4F7B-A672-A1B9E2011940}.Release|Any CPU.Build.0 = Release|Any CPU
	EndGlobalSection
	GlobalSection(SolutionProperties) = preSolution
		HideSolutionNode = FALSE
	EndGlobalSection
	GlobalSection(ExtensibilityGlobals) = postSolution
		SolutionGuid = {3E91F16D-443D-42EC-987C-E1999CE7B76B}
	EndGlobalSection
EndGlobal
